
Microsoft Visual Studio Solution File, Format Version 12.00
# Visual Studio Version 17
VisualStudioVersion = 17.10.35122.118
MinimumVisualStudioVersion = 10.0.40219.1
Project("{FAE04EC0-301F-11D3-BF4B-00C04F79EFBC}") = "Homework1766", "Homework1766\Homework1766.csproj", "{2742F2DE-70B8-42EE-9CC7-644963E43EB3}"
EndProject
Global
	GlobalSection(SolutionConfigurationPlatforms) = preSolution
		Debug|Any CPU = Debug|Any CPU
		Release|Any CPU = Release|Any CPU
	EndGlobalSection
	GlobalSection(ProjectConfigurationPlatforms) = postSolution
		{2742F2DE-70B8-42EE-9CC7-644963E43EB3}.Debug|Any CPU.ActiveCfg = Debug|Any CPU
		{2742F2DE-70B8-42EE-9CC7-644963E43EB3}.Debug|Any CPU.Build.0 = Debug|Any CPU
		{2742F2DE-70B8-42EE-9CC7-644963E43EB3}.Release|Any CPU.ActiveCfg = Release|Any CPU
		{2742F2DE-70B8-42EE-9CC7-644963E43EB3}.Release|Any CPU.Build.0 = Release|Any CPU
	EndGlobalSection
	GlobalSection(SolutionProperties) = preSolution
		HideSolutionNode = FALSE
	EndGlobalSection
	GlobalSection(ExtensibilityGlobals) = postSolution
		SolutionGuid = {E058B60C-FCD6-4FDB-88DA-667199EABD4B}
	EndGlobalSection
EndGlobal
